
Microsoft Visual Studio Solution File, Format Version 12.00
# Visual Studio Version 16
VisualStudioVersion = 16.0.29613.14
MinimumVisualStudioVersion = 10.0.40219.1
Project("{FAE04EC0-301F-11D3-BF4B-00C04F79EFBC}") = "сяп сишарп задание 1", "сяп сишарп задание 1\сяп сишарп задание 1.csproj", "{2A732264-1558-45FD-9E02-47EDF8D1E166}"
EndProject
Global
	GlobalSection(SolutionConfigurationPlatforms) = preSolution
		Debug|Any CPU = Debug|Any CPU
		Release|Any CPU = Release|Any CPU
	EndGlobalSection
	GlobalSection(ProjectConfigurationPlatforms) = postSolution
		{2A732264-1558-45FD-9E02-47EDF8D1E166}.Debug|Any CPU.ActiveCfg = Debug|Any CPU
		{2A732264-1558-45FD-9E02-47EDF8D1E166}.Debug|Any CPU.Build.0 = Debug|Any CPU
		{2A732264-1558-45FD-9E02-47EDF8D1E166}.Release|Any CPU.ActiveCfg = Release|Any CPU
		{2A732264-1558-45FD-9E02-47EDF8D1E166}.Release|Any CPU.Build.0 = Release|Any CPU
	EndGlobalSection
	GlobalSection(SolutionProperties) = preSolution
		HideSolutionNode = FALSE
	EndGlobalSection
	GlobalSection(ExtensibilityGlobals) = postSolution
		SolutionGuid = {33291863-6887-40BF-8528-625D4708EC3B}
	EndGlobalSection
EndGlobal
